// !$*UTF8*$!
{
	archiveVersion = 1;
	classes = {
	};
	objectVersion = 46;
	objects = {

/* Begin PBXBuildFile section */
		D56A821C19A3C74D004421F4 /* Foundation.framework in Frameworks */ = {isa = PBXBuildFile; fileRef = D56A821B19A3C74D004421F4 /* Foundation.framework */; };
		D56A822A19A3C74D004421F4 /* XCTest.framework in Frameworks */ = {isa = PBXBuildFile; fileRef = D56A822919A3C74D004421F4 /* XCTest.framework */; };
		D56A822B19A3C74D004421F4 /* Foundation.framework in Frameworks */ = {isa = PBXBuildFile; fileRef = D56A821B19A3C74D004421F4 /* Foundation.framework */; };
		D56A822D19A3C74D004421F4 /* UIKit.framework in Frameworks */ = {isa = PBXBuildFile; fileRef = D56A822C19A3C74D004421F4 /* UIKit.framework */; };
		D56A823019A3C74D004421F4 /* libPlayDrop.a in Frameworks */ = {isa = PBXBuildFile; fileRef = D56A821819A3C74D004421F4 /* libPlayDrop.a */; };
		D56A823619A3C74D004421F4 /* InfoPlist.strings in Resources */ = {isa = PBXBuildFile; fileRef = D56A823419A3C74D004421F4 /* InfoPlist.strings */; };
		D56A823819A3C74D004421F4 /* PlayDropTests.m in Sources */ = {isa = PBXBuildFile; fileRef = D56A823719A3C74D004421F4 /* PlayDropTests.m */; };
		D56A824519A3C793004421F4 /* PlayDrop+Shared.m in Sources */ = {isa = PBXBuildFile; fileRef = D56A824219A3C793004421F4 /* PlayDrop+Shared.m */; };
		D56A824619A3C793004421F4 /* PlayDrop.m in Sources */ = {isa = PBXBuildFile; fileRef = D56A824419A3C793004421F4 /* PlayDrop.m */; };
/* End PBXBuildFile section */

/* Begin PBXContainerItemProxy section */
		D56A822E19A3C74D004421F4 /* PBXContainerItemProxy */ = {
			isa = PBXContainerItemProxy;
			containerPortal = D56A821019A3C74D004421F4 /* Project object */;
			proxyType = 1;
			remoteGlobalIDString = D56A821719A3C74D004421F4;
			remoteInfo = PlayDrop;
		};
/* End PBXContainerItemProxy section */

/* Begin PBXCopyFilesBuildPhase section */
		D56A821619A3C74D004421F4 /* CopyFiles */ = {
			isa = PBXCopyFilesBuildPhase;
			buildActionMask = 2147483647;
			dstPath = "include/$(PRODUCT_NAME)";
			dstSubfolderSpec = 16;
			files = (
			);
			runOnlyForDeploymentPostprocessing = 0;
		};
/* End PBXCopyFilesBuildPhase section */

/* Begin PBXFileReference section */
		D56A821819A3C74D004421F4 /* libPlayDrop.a */ = {isa = PBXFileReference; explicitFileType = archive.ar; includeInIndex = 0; path = libPlayDrop.a; sourceTree = BUILT_PRODUCTS_DIR; };
		D56A821B19A3C74D004421F4 /* Foundation.framework */ = {isa = PBXFileReference; lastKnownFileType = wrapper.framework; name = Foundation.framework; path = System/Library/Frameworks/Foundation.framework; sourceTree = SDKROOT; };
		D56A821F19A3C74D004421F4 /* PlayDrop-Prefix.pch */ = {isa = PBXFileReference; lastKnownFileType = sourcecode.c.h; path = "PlayDrop-Prefix.pch"; sourceTree = "<group>"; };
		D56A822819A3C74D004421F4 /* PlayDropTests.xctest */ = {isa = PBXFileReference; explicitFileType = wrapper.cfbundle; includeInIndex = 0; path = PlayDropTests.xctest; sourceTree = BUILT_PRODUCTS_DIR; };
		D56A822919A3C74D004421F4 /* XCTest.framework */ = {isa = PBXFileReference; lastKnownFileType = wrapper.framework; name = XCTest.framework; path = Library/Frameworks/XCTest.framework; sourceTree = DEVELOPER_DIR; };
		D56A822C19A3C74D004421F4 /* UIKit.framework */ = {isa = PBXFileReference; lastKnownFileType = wrapper.framework; name = UIKit.framework; path = Library/Frameworks/UIKit.framework; sourceTree = DEVELOPER_DIR; };
		D56A823319A3C74D004421F4 /* PlayDropTests-Info.plist */ = {isa = PBXFileReference; lastKnownFileType = text.plist.xml; path = "PlayDropTests-Info.plist"; sourceTree = "<group>"; };
		D56A823519A3C74D004421F4 /* en */ = {isa = PBXFileReference; lastKnownFileType = text.plist.strings; name = en; path = en.lproj/InfoPlist.strings; sourceTree = "<group>"; };
		D56A823719A3C74D004421F4 /* PlayDropTests.m */ = {isa = PBXFileReference; lastKnownFileType = sourcecode.c.objc; path = PlayDropTests.m; sourceTree = "<group>"; };
		D56A824119A3C793004421F4 /* PlayDrop+Shared.h */ = {isa = PBXFileReference; fileEncoding = 4; lastKnownFileType = sourcecode.c.h; path = "PlayDrop+Shared.h"; sourceTree = "<group>"; };
		D56A824219A3C793004421F4 /* PlayDrop+Shared.m */ = {isa = PBXFileReference; fileEncoding = 4; lastKnownFileType = sourcecode.c.objc; path = "PlayDrop+Shared.m"; sourceTree = "<group>"; };
		D56A824319A3C793004421F4 /* PlayDrop.h */ = {isa = PBXFileReference; fileEncoding = 4; lastKnownFileType = sourcecode.c.h; path = PlayDrop.h; sourceTree = "<group>"; };
		D56A824419A3C793004421F4 /* PlayDrop.m */ = {isa = PBXFileReference; fileEncoding = 4; lastKnownFileType = sourcecode.c.objc; path = PlayDrop.m; sourceTree = "<group>"; };
/* End PBXFileReference section */

/* Begin PBXFrameworksBuildPhase section */
		D56A821519A3C74D004421F4 /* Frameworks */ = {
			isa = PBXFrameworksBuildPhase;
			buildActionMask = 2147483647;
			files = (
				D56A821C19A3C74D004421F4 /* Foundation.framework in Frameworks */,
			);
			runOnlyForDeploymentPostprocessing = 0;
		};
		D56A822519A3C74D004421F4 /* Frameworks */ = {
			isa = PBXFrameworksBuildPhase;
			buildActionMask = 2147483647;
			files = (
				D56A822A19A3C74D004421F4 /* XCTest.framework in Frameworks */,
				D56A822D19A3C74D004421F4 /* UIKit.framework in Frameworks */,
				D56A823019A3C74D004421F4 /* libPlayDrop.a in Frameworks */,
				D56A822B19A3C74D004421F4 /* Foundation.framework in Frameworks */,
			);
			runOnlyForDeploymentPostprocessing = 0;
		};
/* End PBXFrameworksBuildPhase section */

/* Begin PBXGroup section */
		D56A820F19A3C74D004421F4 = {
			isa = PBXGroup;
			children = (
				D56A821D19A3C74D004421F4 /* PlayDrop */,
				D56A823119A3C74D004421F4 /* PlayDropTests */,
				D56A821A19A3C74D004421F4 /* Frameworks */,
				D56A821919A3C74D004421F4 /* Products */,
			);
			sourceTree = "<group>";
		};
		D56A821919A3C74D004421F4 /* Products */ = {
			isa = PBXGroup;
			children = (
				D56A821819A3C74D004421F4 /* libPlayDrop.a */,
				D56A822819A3C74D004421F4 /* PlayDropTests.xctest */,
			);
			name = Products;
			sourceTree = "<group>";
		};
		D56A821A19A3C74D004421F4 /* Frameworks */ = {
			isa = PBXGroup;
			children = (
				D56A821B19A3C74D004421F4 /* Foundation.framework */,
				D56A822919A3C74D004421F4 /* XCTest.framework */,
				D56A822C19A3C74D004421F4 /* UIKit.framework */,
			);
			name = Frameworks;
			sourceTree = "<group>";
		};
		D56A821D19A3C74D004421F4 /* PlayDrop */ = {
			isa = PBXGroup;
			children = (
				D56A824119A3C793004421F4 /* PlayDrop+Shared.h */,
				D56A824219A3C793004421F4 /* PlayDrop+Shared.m */,
				D56A824319A3C793004421F4 /* PlayDrop.h */,
				D56A824419A3C793004421F4 /* PlayDrop.m */,
				D56A821E19A3C74D004421F4 /* Supporting Files */,
			);
			path = PlayDrop;
			sourceTree = "<group>";
		};
		D56A821E19A3C74D004421F4 /* Supporting Files */ = {
			isa = PBXGroup;
			children = (
				D56A821F19A3C74D004421F4 /* PlayDrop-Prefix.pch */,
			);
			name = "Supporting Files";
			sourceTree = "<group>";
		};
		D56A823119A3C74D004421F4 /* PlayDropTests */ = {
			isa = PBXGroup;
			children = (
				D56A823719A3C74D004421F4 /* PlayDropTests.m */,
				D56A823219A3C74D004421F4 /* Supporting Files */,
			);
			path = PlayDropTests;
			sourceTree = "<group>";
		};
		D56A823219A3C74D004421F4 /* Supporting Files */ = {
			isa = PBXGroup;
			children = (
				D56A823319A3C74D004421F4 /* PlayDropTests-Info.plist */,
				D56A823419A3C74D004421F4 /* InfoPlist.strings */,
			);
			name = "Supporting Files";
			sourceTree = "<group>";
		};
/* End PBXGroup section */

/* Begin PBXNativeTarget section */
		D56A821719A3C74D004421F4 /* PlayDrop */ = {
			isa = PBXNativeTarget;
			buildConfigurationList = D56A823B19A3C74D004421F4 /* Build configuration list for PBXNativeTarget "PlayDrop" */;
			buildPhases = (
				D56A821419A3C74D004421F4 /* Sources */,
				D56A821519A3C74D004421F4 /* Frameworks */,
				D56A821619A3C74D004421F4 /* CopyFiles */,
			);
			buildRules = (
			);
			dependencies = (
			);
			name = PlayDrop;
			productName = PlayDrop;
			productReference = D56A821819A3C74D004421F4 /* libPlayDrop.a */;
			productType = "com.apple.product-type.library.static";
		};
		D56A822719A3C74D004421F4 /* PlayDropTests */ = {
			isa = PBXNativeTarget;
			buildConfigurationList = D56A823E19A3C74D004421F4 /* Build configuration list for PBXNativeTarget "PlayDropTests" */;
			buildPhases = (
				D56A822419A3C74D004421F4 /* Sources */,
				D56A822519A3C74D004421F4 /* Frameworks */,
				D56A822619A3C74D004421F4 /* Resources */,
			);
			buildRules = (
			);
			dependencies = (
				D56A822F19A3C74D004421F4 /* PBXTargetDependency */,
			);
			name = PlayDropTests;
			productName = PlayDropTests;
			productReference = D56A822819A3C74D004421F4 /* PlayDropTests.xctest */;
			productType = "com.apple.product-type.bundle.unit-test";
		};
/* End PBXNativeTarget section */

/* Begin PBXProject section */
		D56A821019A3C74D004421F4 /* Project object */ = {
			isa = PBXProject;
			attributes = {
				LastUpgradeCheck = 0510;
				ORGANIZATIONNAME = "Daniel Koza";
			};
			buildConfigurationList = D56A821319A3C74D004421F4 /* Build configuration list for PBXProject "PlayDrop" */;
			compatibilityVersion = "Xcode 3.2";
			developmentRegion = English;
			hasScannedForEncodings = 0;
			knownRegions = (
				en,
			);
			mainGroup = D56A820F19A3C74D004421F4;
			productRefGroup = D56A821919A3C74D004421F4 /* Products */;
			projectDirPath = "";
			projectRoot = "";
			targets = (
				D56A821719A3C74D004421F4 /* PlayDrop */,
				D56A822719A3C74D004421F4 /* PlayDropTests */,
			);
		};
/* End PBXProject section */

/* Begin PBXResourcesBuildPhase section */
		D56A822619A3C74D004421F4 /* Resources */ = {
			isa = PBXResourcesBuildPhase;
			buildActionMask = 2147483647;
			files = (
				D56A823619A3C74D004421F4 /* InfoPlist.strings in Resources */,
			);
			runOnlyForDeploymentPostprocessing = 0;
		};
/* End PBXResourcesBuildPhase section */

/* Begin PBXSourcesBuildPhase section */
		D56A821419A3C74D004421F4 /* Sources */ = {
			isa = PBXSourcesBuildPhase;
			buildActionMask = 2147483647;
			files = (
				D56A824619A3C793004421F4 /* PlayDrop.m in Sources */,
				D56A824519A3C793004421F4 /* PlayDrop+Shared.m in Sources */,
			);
			runOnlyForDeploymentPostprocessing = 0;
		};
		D56A822419A3C74D004421F4 /* Sources */ = {
			isa = PBXSourcesBuildPhase;
			buildActionMask = 2147483647;
			files = (
				D56A823819A3C74D004421F4 /* PlayDropTests.m in Sources */,
			);
			runOnlyForDeploymentPostprocessing = 0;
		};
/* End PBXSourcesBuildPhase section */

/* Begin PBXTargetDependency section */
		D56A822F19A3C74D004421F4 /* PBXTargetDependency */ = {
			isa = PBXTargetDependency;
			target = D56A821719A3C74D004421F4 /* PlayDrop */;
			targetProxy = D56A822E19A3C74D004421F4 /* PBXContainerItemProxy */;
		};
/* End PBXTargetDependency section */

/* Begin PBXVariantGroup section */
		D56A823419A3C74D004421F4 /* InfoPlist.strings */ = {
			isa = PBXVariantGroup;
			children = (
				D56A823519A3C74D004421F4 /* en */,
			);
			name = InfoPlist.strings;
			sourceTree = "<group>";
		};
/* End PBXVariantGroup section */

/* Begin XCBuildConfiguration section */
		D56A823919A3C74D004421F4 /* Debug */ = {
			isa = XCBuildConfiguration;
			buildSettings = {
				ALWAYS_SEARCH_USER_PATHS = NO;
				CLANG_CXX_LANGUAGE_STANDARD = "gnu++0x";
				CLANG_CXX_LIBRARY = "libc++";
				CLANG_ENABLE_MODULES = YES;
				CLANG_ENABLE_OBJC_ARC = YES;
				CLANG_WARN_BOOL_CONVERSION = YES;
				CLANG_WARN_CONSTANT_CONVERSION = YES;
				CLANG_WARN_DIRECT_OBJC_ISA_USAGE = YES_ERROR;
				CLANG_WARN_EMPTY_BODY = YES;
				CLANG_WARN_ENUM_CONVERSION = YES;
				CLANG_WARN_INT_CONVERSION = YES;
				CLANG_WARN_OBJC_ROOT_CLASS = YES_ERROR;
				CLANG_WARN__DUPLICATE_METHOD_MATCH = YES;
				COPY_PHASE_STRIP = NO;
				GCC_C_LANGUAGE_STANDARD = gnu99;
				GCC_DYNAMIC_NO_PIC = NO;
				GCC_OPTIMIZATION_LEVEL = 0;
				GCC_PREPROCESSOR_DEFINITIONS = (
					"DEBUG=1",
					"$(inherited)",
				);
				GCC_SYMBOLS_PRIVATE_EXTERN = NO;
				GCC_WARN_64_TO_32_BIT_CONVERSION = YES;
				GCC_WARN_ABOUT_RETURN_TYPE = YES_ERROR;
				GCC_WARN_UNDECLARED_SELECTOR = YES;
				GCC_WARN_UNINITIALIZED_AUTOS = YES_AGGRESSIVE;
				GCC_WARN_UNUSED_FUNCTION = YES;
				GCC_WARN_UNUSED_VARIABLE = YES;
				IPHONEOS_DEPLOYMENT_TARGET = 7.0;
				ONLY_ACTIVE_ARCH = YES;
				SDKROOT = iphoneos;
			};
			name = Debug;
		};
		D56A823A19A3C74D004421F4 /* Release */ = {
			isa = XCBuildConfiguration;
			buildSettings = {
				ALWAYS_SEARCH_USER_PATHS = NO;
				CLANG_CXX_LANGUAGE_STANDARD = "gnu++0x";
				CLANG_CXX_LIBRARY = "libc++";
				CLANG_ENABLE_MODULES = YES;
				CLANG_ENABLE_OBJC_ARC = YES;
				CLANG_WARN_BOOL_CONVERSION = YES;
				CLANG_WARN_CONSTANT_CONVERSION = YES;
				CLANG_WARN_DIRECT_OBJC_ISA_USAGE = YES_ERROR;
				CLANG_WARN_EMPTY_BODY = YES;
				CLANG_WARN_ENUM_CONVERSION = YES;
				CLANG_WARN_INT_CONVERSION = YES;
				CLANG_WARN_OBJC_ROOT_CLASS = YES_ERROR;
				CLANG_WARN__DUPLICATE_METHOD_MATCH = YES;
				COPY_PHASE_STRIP = YES;
				ENABLE_NS_ASSERTIONS = NO;
				GCC_C_LANGUAGE_STANDARD = gnu99;
				GCC_WARN_64_TO_32_BIT_CONVERSION = YES;
				GCC_WARN_ABOUT_RETURN_TYPE = YES_ERROR;
				GCC_WARN_UNDECLARED_SELECTOR = YES;
				GCC_WARN_UNINITIALIZED_AUTOS = YES_AGGRESSIVE;
				GCC_WARN_UNUSED_FUNCTION = YES;
				GCC_WARN_UNUSED_VARIABLE = YES;
				IPHONEOS_DEPLOYMENT_TARGET = 7.0;
				SDKROOT = iphoneos;
				VALIDATE_PRODUCT = YES;
			};
			name = Release;
		};
		D56A823C19A3C74D004421F4 /* Debug */ = {
			isa = XCBuildConfiguration;
			buildSettings = {
				DSTROOT = /tmp/PlayDrop.dst;
				GCC_PRECOMPILE_PREFIX_HEADER = YES;
				GCC_PREFIX_HEADER = "PlayDrop/PlayDrop-Prefix.pch";
				OTHER_LDFLAGS = "-ObjC";
				PRODUCT_NAME = "$(TARGET_NAME)";
				SKIP_INSTALL = YES;
			};
			name = Debug;
		};
		D56A823D19A3C74D004421F4 /* Release */ = {
			isa = XCBuildConfiguration;
			buildSettings = {
				DSTROOT = /tmp/PlayDrop.dst;
				GCC_PRECOMPILE_PREFIX_HEADER = YES;
				GCC_PREFIX_HEADER = "PlayDrop/PlayDrop-Prefix.pch";
				OTHER_LDFLAGS = "-ObjC";
				PRODUCT_NAME = "$(TARGET_NAME)";
				SKIP_INSTALL = YES;
			};
			name = Release;
		};
		D56A823F19A3C74D004421F4 /* Debug */ = {
			isa = XCBuildConfiguration;
			buildSettings = {
				FRAMEWORK_SEARCH_PATHS = (
					"$(SDKROOT)/Developer/Library/Frameworks",
					"$(inherited)",
					"$(DEVELOPER_FRAMEWORKS_DIR)",
				);
				GCC_PRECOMPILE_PREFIX_HEADER = YES;
				GCC_PREFIX_HEADER = "PlayDrop/PlayDrop-Prefix.pch";
				GCC_PREPROCESSOR_DEFINITIONS = (
					"DEBUG=1",
					"$(inherited)",
				);
				INFOPLIST_FILE = "PlayDropTests/PlayDropTests-Info.plist";
				PRODUCT_NAME = "$(TARGET_NAME)";
				WRAPPER_EXTENSION = xctest;
			};
			name = Debug;
		};
		D56A824019A3C74D004421F4 /* Release */ = {
			isa = XCBuildConfiguration;
			buildSettings = {
				FRAMEWORK_SEARCH_PATHS = (
					"$(SDKROOT)/Developer/Library/Frameworks",
					"$(inherited)",
					"$(DEVELOPER_FRAMEWORKS_DIR)",
				);
				GCC_PRECOMPILE_PREFIX_HEADER = YES;
				GCC_PREFIX_HEADER = "PlayDrop/PlayDrop-Prefix.pch";
				INFOPLIST_FILE = "PlayDropTests/PlayDropTests-Info.plist";
				PRODUCT_NAME = "$(TARGET_NAME)";
				WRAPPER_EXTENSION = xctest;
			};
			name = Release;
		};
/* End XCBuildConfiguration section */

/* Begin XCConfigurationList section */
		D56A821319A3C74D004421F4 /* Build configuration list for PBXProject "PlayDrop" */ = {
			isa = XCConfigurationList;
			buildConfigurations = (
				D56A823919A3C74D004421F4 /* Debug */,
				D56A823A19A3C74D004421F4 /* Release */,
			);
			defaultConfigurationIsVisible = 0;
			defaultConfigurationName = Release;
		};
		D56A823B19A3C74D004421F4 /* Build configuration list for PBXNativeTarget "PlayDrop" */ = {
			isa = XCConfigurationList;
			buildConfigurations = (
				D56A823C19A3C74D004421F4 /* Debug */,
				D56A823D19A3C74D004421F4 /* Release */,
			);
			defaultConfigurationIsVisible = 0;
			defaultConfigurationName = Release;
		};
		D56A823E19A3C74D004421F4 /* Build configuration list for PBXNativeTarget "PlayDropTests" */ = {
			isa = XCConfigurationList;
			buildConfigurations = (
				D56A823F19A3C74D004421F4 /* Debug */,
				D56A824019A3C74D004421F4 /* Release */,
			);
			defaultConfigurationIsVisible = 0;
			defaultConfigurationName = Release;
		};
/* End XCConfigurationList section */
	};
	rootObject = D56A821019A3C74D004421F4 /* Project object */;
}
